
Microsoft Visual Studio Solution File, Format Version 12.00
# Visual Studio 15
VisualStudioVersion = 15.0.28307.168
MinimumVisualStudioVersion = 10.0.40219.1
Project("{8BC9CEB8-8B4A-11D0-8D11-00A0C91BC942}") = "Rolling2D_AngularToLinear", "Rolling2D_AngularToLinear.vcxproj", "{3C40FF61-F1AD-4587-A50E-BE51B79D3261}"
EndProject
Global
	GlobalSection(SolutionConfigurationPlatforms) = preSolution
		Debug|x86 = Debug|x86
		Release|x86 = Release|x86
	EndGlobalSection
	GlobalSection(ProjectConfigurationPlatforms) = postSolution
		{3C40FF61-F1AD-4587-A50E-BE51B79D3261}.Debug|x64.ActiveCfg = Debug|x64
		{3C40FF61-F1AD-4587-A50E-BE51B79D3261}.Debug|x64.Build.0 = Debug|x64
		{3C40FF61-F1AD-4587-A50E-BE51B79D3261}.Debug|x86.ActiveCfg = Debug|Win32
		{3C40FF61-F1AD-4587-A50E-BE51B79D3261}.Debug|x86.Build.0 = Debug|Win32
		{3C40FF61-F1AD-4587-A50E-BE51B79D3261}.Release|x64.ActiveCfg = Release|x64
		{3C40FF61-F1AD-4587-A50E-BE51B79D3261}.Release|x64.Build.0 = Release|x64
		{3C40FF61-F1AD-4587-A50E-BE51B79D3261}.Release|x86.ActiveCfg = Release|Win32
		{3C40FF61-F1AD-4587-A50E-BE51B79D3261}.Release|x86.Build.0 = Release|Win32
	EndGlobalSection
	GlobalSection(SolutionProperties) = preSolution
		HideSolutionNode = FALSE
	EndGlobalSection
	GlobalSection(ExtensibilityGlobals) = postSolution
		SolutionGuid = {E9E3487C-31AE-43C9-9E29-835D8C33733B}
	EndGlobalSection
EndGlobal
